
Microsoft Visual Studio Solution File, Format Version 12.00
# Visual Studio 15
VisualStudioVersion = 15.0.27703.2018
MinimumVisualStudioVersion = 10.0.40219.1
Project("{FAE04EC0-301F-11D3-BF4B-00C04F79EFBC}") = "NTier.UstDuzey.UI.WinForm", "NTier.UstDuzey.UI.WinForm\NTier.UstDuzey.UI.WinForm.csproj", "{49B07205-541F-4DA9-B027-7170F82F57B7}"
EndProject
Project("{FAE04EC0-301F-11D3-BF4B-00C04F79EFBC}") = "NTier.UstDuzey.ORM", "NTier.UstDuzey.ORM\NTier.UstDuzey.ORM.csproj", "{6B32D38B-6F47-4EE5-84C9-7D54BC09DC7E}"
EndProject
Project("{FAE04EC0-301F-11D3-BF4B-00C04F79EFBC}") = "NTier.UstDuzey.Entity", "NTier.UstDuzey.Entity\NTier.UstDuzey.Entity.csproj", "{20DA13FA-EBD4-476D-B8A4-651AC4CA23E8}"
EndProject
Global
	GlobalSection(SolutionConfigurationPlatforms) = preSolution
		Debug|Any CPU = Debug|Any CPU
		Release|Any CPU = Release|Any CPU
	EndGlobalSection
	GlobalSection(ProjectConfigurationPlatforms) = postSolution
		{49B07205-541F-4DA9-B027-7170F82F57B7}.Debug|Any CPU.ActiveCfg = Debug|Any CPU
		{49B07205-541F-4DA9-B027-7170F82F57B7}.Debug|Any CPU.Build.0 = Debug|Any CPU
		{49B07205-541F-4DA9-B027-7170F82F57B7}.Release|Any CPU.ActiveCfg = Release|Any CPU
		{49B07205-541F-4DA9-B027-7170F82F57B7}.Release|Any CPU.Build.0 = Release|Any CPU
		{6B32D38B-6F47-4EE5-84C9-7D54BC09DC7E}.Debug|Any CPU.ActiveCfg = Debug|Any CPU
		{6B32D38B-6F47-4EE5-84C9-7D54BC09DC7E}.Debug|Any CPU.Build.0 = Debug|Any CPU
		{6B32D38B-6F47-4EE5-84C9-7D54BC09DC7E}.Release|Any CPU.ActiveCfg = Release|Any CPU
		{6B32D38B-6F47-4EE5-84C9-7D54BC09DC7E}.Release|Any CPU.Build.0 = Release|Any CPU
		{20DA13FA-EBD4-476D-B8A4-651AC4CA23E8}.Debug|Any CPU.ActiveCfg = Debug|Any CPU
		{20DA13FA-EBD4-476D-B8A4-651AC4CA23E8}.Debug|Any CPU.Build.0 = Debug|Any CPU
		{20DA13FA-EBD4-476D-B8A4-651AC4CA23E8}.Release|Any CPU.ActiveCfg = Release|Any CPU
		{20DA13FA-EBD4-476D-B8A4-651AC4CA23E8}.Release|Any CPU.Build.0 = Release|Any CPU
	EndGlobalSection
	GlobalSection(SolutionProperties) = preSolution
		HideSolutionNode = FALSE
	EndGlobalSection
	GlobalSection(ExtensibilityGlobals) = postSolution
		SolutionGuid = {7AD678EA-ECDC-4BD6-A885-1C399917BA05}
	EndGlobalSection
EndGlobal
